// !$*UTF8*$!
{
	archiveVersion = 1;
	classes = {
	};
	objectVersion = 46;
	objects = {

/* Begin PBXBuildFile section */
		2F11F2931AEF8AD500A8957D /* AppDelegate.swift in Sources */ = {isa = PBXBuildFile; fileRef = 2F11F2921AEF8AD500A8957D /* AppDelegate.swift */; };
		2F11F2981AEF8AD500A8957D /* Main.storyboard in Resources */ = {isa = PBXBuildFile; fileRef = 2F11F2961AEF8AD500A8957D /* Main.storyboard */; };
		2F11F29A1AEF8AD500A8957D /* Images.xcassets in Resources */ = {isa = PBXBuildFile; fileRef = 2F11F2991AEF8AD500A8957D /* Images.xcassets */; };
		2F11F29D1AEF8AD500A8957D /* LaunchScreen.xib in Resources */ = {isa = PBXBuildFile; fileRef = 2F11F29B1AEF8AD500A8957D /* LaunchScreen.xib */; };
		2F11F2A91AEF8AD500A8957D /* weixinTests.swift in Sources */ = {isa = PBXBuildFile; fileRef = 2F11F2A81AEF8AD500A8957D /* weixinTests.swift */; };
		2F11F2B31AEF8C0800A8957D /* BuddyListTableViewController.swift in Sources */ = {isa = PBXBuildFile; fileRef = 2F11F2B21AEF8C0800A8957D /* BuddyListTableViewController.swift */; };
		2F11F2B51AEF8CD900A8957D /* WXMessage.swift in Sources */ = {isa = PBXBuildFile; fileRef = 2F11F2B41AEF8CD900A8957D /* WXMessage.swift */; };
		2F11F2B71AEF8E5E00A8957D /* LoginViewController.swift in Sources */ = {isa = PBXBuildFile; fileRef = 2F11F2B61AEF8E5E00A8957D /* LoginViewController.swift */; };
		2FABDDFC1AF0CE6500B77E6D /* XMPPAnonymousAuthentication.m in Sources */ = {isa = PBXBuildFile; fileRef = 2FABDD951AF0CE6500B77E6D /* XMPPAnonymousAuthentication.m */; };
		2FABDDFD1AF0CE6500B77E6D /* XMPPDeprecatedDigestAuthentication.m in Sources */ = {isa = PBXBuildFile; fileRef = 2FABDD981AF0CE6500B77E6D /* XMPPDeprecatedDigestAuthentication.m */; };
		2FABDDFE1AF0CE6500B77E6D /* XMPPDeprecatedPlainAuthentication.m in Sources */ = {isa = PBXBuildFile; fileRef = 2FABDD9B1AF0CE6500B77E6D /* XMPPDeprecatedPlainAuthentication.m */; };
		2FABDDFF1AF0CE6500B77E6D /* XMPPDigestMD5Authentication.m in Sources */ = {isa = PBXBuildFile; fileRef = 2FABDD9E1AF0CE6500B77E6D /* XMPPDigestMD5Authentication.m */; };
		2FABDE001AF0CE6500B77E6D /* XMPPPlainAuthentication.m in Sources */ = {isa = PBXBuildFile; fileRef = 2FABDDA11AF0CE6500B77E6D /* XMPPPlainAuthentication.m */; };
		2FABDE011AF0CE6500B77E6D /* XMPPSCRAMSHA1Authentication.m in Sources */ = {isa = PBXBuildFile; fileRef = 2FABDDA41AF0CE6500B77E6D /* XMPPSCRAMSHA1Authentication.m */; };
		2FABDE021AF0CE6500B77E6D /* XMPPXFacebookPlatformAuthentication.m in Sources */ = {isa = PBXBuildFile; fileRef = 2FABDDA71AF0CE6500B77E6D /* XMPPXFacebookPlatformAuthentication.m */; };
		2FABDE031AF0CE6500B77E6D /* XMPPXOAuth2Google.m in Sources */ = {isa = PBXBuildFile; fileRef = 2FABDDAA1AF0CE6500B77E6D /* XMPPXOAuth2Google.m */; };
		2FABDE041AF0CE6500B77E6D /* NSData+XMPP.m in Sources */ = {isa = PBXBuildFile; fileRef = 2FABDDAE1AF0CE6500B77E6D /* NSData+XMPP.m */; };
		2FABDE051AF0CE6500B77E6D /* NSNumber+XMPP.m in Sources */ = {isa = PBXBuildFile; fileRef = 2FABDDB01AF0CE6500B77E6D /* NSNumber+XMPP.m */; };
		2FABDE061AF0CE6500B77E6D /* NSXMLElement+XMPP.m in Sources */ = {isa = PBXBuildFile; fileRef = 2FABDDB21AF0CE6500B77E6D /* NSXMLElement+XMPP.m */; };
		2FABDE071AF0CE6500B77E6D /* XMPPElement.m in Sources */ = {isa = PBXBuildFile; fileRef = 2FABDDB61AF0CE6500B77E6D /* XMPPElement.m */; };
		2FABDE081AF0CE6500B77E6D /* XMPPIQ.m in Sources */ = {isa = PBXBuildFile; fileRef = 2FABDDB91AF0CE6500B77E6D /* XMPPIQ.m */; };
		2FABDE091AF0CE6500B77E6D /* XMPPJID.m in Sources */ = {isa = PBXBuildFile; fileRef = 2FABDDBB1AF0CE6500B77E6D /* XMPPJID.m */; };
		2FABDE0A1AF0CE6500B77E6D /* XMPPMessage.m in Sources */ = {isa = PBXBuildFile; fileRef = 2FABDDBE1AF0CE6500B77E6D /* XMPPMessage.m */; };
		2FABDE0B1AF0CE6500B77E6D /* XMPPModule.m in Sources */ = {isa = PBXBuildFile; fileRef = 2FABDDC01AF0CE6500B77E6D /* XMPPModule.m */; };
		2FABDE0C1AF0CE6500B77E6D /* XMPPParser.m in Sources */ = {isa = PBXBuildFile; fileRef = 2FABDDC21AF0CE6500B77E6D /* XMPPParser.m */; };
		2FABDE0D1AF0CE6500B77E6D /* XMPPPresence.m in Sources */ = {isa = PBXBuildFile; fileRef = 2FABDDC41AF0CE6500B77E6D /* XMPPPresence.m */; };
		2FABDE0E1AF0CE6500B77E6D /* XMPPStream.m in Sources */ = {isa = PBXBuildFile; fileRef = 2FABDDC61AF0CE6500B77E6D /* XMPPStream.m */; };
		2FABDE0F1AF0CE6500B77E6D /* DDList.m in Sources */ = {isa = PBXBuildFile; fileRef = 2FABDDC91AF0CE6500B77E6D /* DDList.m */; };
		2FABDE101AF0CE6500B77E6D /* GCDMulticastDelegate.m in Sources */ = {isa = PBXBuildFile; fileRef = 2FABDDCB1AF0CE6500B77E6D /* GCDMulticastDelegate.m */; };
		2FABDE111AF0CE6500B77E6D /* RFImageToDataTransformer.m in Sources */ = {isa = PBXBuildFile; fileRef = 2FABDDCD1AF0CE6500B77E6D /* RFImageToDataTransformer.m */; };
		2FABDE121AF0CE6500B77E6D /* XMPPIDTracker.m in Sources */ = {isa = PBXBuildFile; fileRef = 2FABDDCF1AF0CE6500B77E6D /* XMPPIDTracker.m */; };
		2FABDE131AF0CE6500B77E6D /* XMPPSRVResolver.m in Sources */ = {isa = PBXBuildFile; fileRef = 2FABDDD11AF0CE6500B77E6D /* XMPPSRVResolver.m */; };
		2FABDE141AF0CE6500B77E6D /* XMPPStringPrep.m in Sources */ = {isa = PBXBuildFile; fileRef = 2FABDDD31AF0CE6500B77E6D /* XMPPStringPrep.m */; };
		2FABDE151AF0CE6500B77E6D /* GCDAsyncSocket.m in Sources */ = {isa = PBXBuildFile; fileRef = 2FABDDD71AF0CE6500B77E6D /* GCDAsyncSocket.m */; };
		2FABDE161AF0CE6500B77E6D /* DDAbstractDatabaseLogger.m in Sources */ = {isa = PBXBuildFile; fileRef = 2FABDDDA1AF0CE6500B77E6D /* DDAbstractDatabaseLogger.m */; };
		2FABDE171AF0CE6500B77E6D /* DDASLLogger.m in Sources */ = {isa = PBXBuildFile; fileRef = 2FABDDDC1AF0CE6500B77E6D /* DDASLLogger.m */; };
		2FABDE181AF0CE6500B77E6D /* DDFileLogger.m in Sources */ = {isa = PBXBuildFile; fileRef = 2FABDDDE1AF0CE6500B77E6D /* DDFileLogger.m */; };
		2FABDE191AF0CE6500B77E6D /* DDLog.m in Sources */ = {isa = PBXBuildFile; fileRef = 2FABDDE01AF0CE6500B77E6D /* DDLog.m */; };
		2FABDE1A1AF0CE6500B77E6D /* DDTTYLogger.m in Sources */ = {isa = PBXBuildFile; fileRef = 2FABDDE21AF0CE6500B77E6D /* DDTTYLogger.m */; };
		2FABDE1B1AF0CE6500B77E6D /* ContextFilterLogFormatter.m in Sources */ = {isa = PBXBuildFile; fileRef = 2FABDDE51AF0CE6500B77E6D /* ContextFilterLogFormatter.m */; };
		2FABDE1C1AF0CE6500B77E6D /* DispatchQueueLogFormatter.m in Sources */ = {isa = PBXBuildFile; fileRef = 2FABDDE71AF0CE6500B77E6D /* DispatchQueueLogFormatter.m */; };
		2FABDE1D1AF0CE6500B77E6D /* README.txt in Resources */ = {isa = PBXBuildFile; fileRef = 2FABDDE81AF0CE6500B77E6D /* README.txt */; };
		2FABDE1E1AF0CE6500B77E6D /* NSString+DDXML.m in Sources */ = {isa = PBXBuildFile; fileRef = 2FABDDED1AF0CE6500B77E6D /* NSString+DDXML.m */; };
		2FABDE1F1AF0CE6500B77E6D /* DDXMLDocument.m in Sources */ = {isa = PBXBuildFile; fileRef = 2FABDDF01AF0CE6500B77E6D /* DDXMLDocument.m */; };
		2FABDE201AF0CE6500B77E6D /* DDXMLElement.m in Sources */ = {isa = PBXBuildFile; fileRef = 2FABDDF21AF0CE6500B77E6D /* DDXMLElement.m */; };
		2FABDE211AF0CE6500B77E6D /* DDXMLNode.m in Sources */ = {isa = PBXBuildFile; fileRef = 2FABDDF41AF0CE6500B77E6D /* DDXMLNode.m */; };
		2FABDE221AF0CE6500B77E6D /* build-libidn.sh in Resources */ = {isa = PBXBuildFile; fileRef = 2FABDDF81AF0CE6500B77E6D /* build-libidn.sh */; };
		2FABDE231AF0CE6500B77E6D /* libidn.a in Frameworks */ = {isa = PBXBuildFile; fileRef = 2FABDDFA1AF0CE6500B77E6D /* libidn.a */; };
		2FABDE251AF0D69600B77E6D /* ZtDL.swift in Sources */ = {isa = PBXBuildFile; fileRef = 2FABDE241AF0D69600B77E6D /* ZtDL.swift */; };
		2FABDE271AF0D6A800B77E6D /* XxDL.swift in Sources */ = {isa = PBXBuildFile; fileRef = 2FABDE261AF0D6A800B77E6D /* XxDL.swift */; };
		2FC86BDF1AEF93E800CF2925 /* ChatViewController.swift in Sources */ = {isa = PBXBuildFile; fileRef = 2FC86BDE1AEF93E800CF2925 /* ChatViewController.swift */; };
		2FC86BE31AEF9C6400CF2925 /* CoreLocation.framework in Frameworks */ = {isa = PBXBuildFile; fileRef = 2FC86BE21AEF9C6400CF2925 /* CoreLocation.framework */; };
		2FC86BE51AEF9C6E00CF2925 /* SystemConfiguration.framework in Frameworks */ = {isa = PBXBuildFile; fileRef = 2FC86BE41AEF9C6E00CF2925 /* SystemConfiguration.framework */; };
		2FC86BE71AEF9C7400CF2925 /* CoreData.framework in Frameworks */ = {isa = PBXBuildFile; fileRef = 2FC86BE61AEF9C7400CF2925 /* CoreData.framework */; };
		2FC86BE91AEF9C8000CF2925 /* libresolv.dylib in Frameworks */ = {isa = PBXBuildFile; fileRef = 2FC86BE81AEF9C8000CF2925 /* libresolv.dylib */; };
		2FC86BEB1AEF9C8500CF2925 /* CFNetwork.framework in Frameworks */ = {isa = PBXBuildFile; fileRef = 2FC86BEA1AEF9C8500CF2925 /* CFNetwork.framework */; };
		2FC86BED1AEF9C8D00CF2925 /* libxml2.dylib in Frameworks */ = {isa = PBXBuildFile; fileRef = 2FC86BEC1AEF9C8D00CF2925 /* libxml2.dylib */; };
		2FC86BEF1AEF9C9400CF2925 /* UIKit.framework in Frameworks */ = {isa = PBXBuildFile; fileRef = 2FC86BEE1AEF9C9400CF2925 /* UIKit.framework */; };
		2FC86BF11AEF9C9D00CF2925 /* Foundation.framework in Frameworks */ = {isa = PBXBuildFile; fileRef = 2FC86BF01AEF9C9D00CF2925 /* Foundation.framework */; };
		2FC86BF31AEF9CA900CF2925 /* CoreGraphics.framework in Frameworks */ = {isa = PBXBuildFile; fileRef = 2FC86BF21AEF9CA900CF2925 /* CoreGraphics.framework */; };
/* End PBXBuildFile section */

/* Begin PBXContainerItemProxy section */
		2F11F2A31AEF8AD500A8957D /* PBXContainerItemProxy */ = {
			isa = PBXContainerItemProxy;
			containerPortal = 2F11F2851AEF8AD400A8957D /* Project object */;
			proxyType = 1;
			remoteGlobalIDString = 2F11F28C1AEF8AD500A8957D;
			remoteInfo = weixin;
		};
/* End PBXContainerItemProxy section */

/* Begin PBXFileReference section */
		2F11F28D1AEF8AD500A8957D /* weixin.app */ = {isa = PBXFileReference; explicitFileType = wrapper.application; includeInIndex = 0; path = weixin.app; sourceTree = BUILT_PRODUCTS_DIR; };
		2F11F2911AEF8AD500A8957D /* Info.plist */ = {isa = PBXFileReference; lastKnownFileType = text.plist.xml; path = Info.plist; sourceTree = "<group>"; };
		2F11F2921AEF8AD500A8957D /* AppDelegate.swift */ = {isa = PBXFileReference; lastKnownFileType = sourcecode.swift; path = AppDelegate.swift; sourceTree = "<group>"; };
		2F11F2971AEF8AD500A8957D /* Base */ = {isa = PBXFileReference; lastKnownFileType = file.storyboard; name = Base; path = Base.lproj/Main.storyboard; sourceTree = "<group>"; };
		2F11F2991AEF8AD500A8957D /* Images.xcassets */ = {isa = PBXFileReference; lastKnownFileType = folder.assetcatalog; path = Images.xcassets; sourceTree = "<group>"; };
		2F11F29C1AEF8AD500A8957D /* Base */ = {isa = PBXFileReference; lastKnownFileType = file.xib; name = Base; path = Base.lproj/LaunchScreen.xib; sourceTree = "<group>"; };
		2F11F2A21AEF8AD500A8957D /* weixinTests.xctest */ = {isa = PBXFileReference; explicitFileType = wrapper.cfbundle; includeInIndex = 0; path = weixinTests.xctest; sourceTree = BUILT_PRODUCTS_DIR; };
		2F11F2A71AEF8AD500A8957D /* Info.plist */ = {isa = PBXFileReference; lastKnownFileType = text.plist.xml; path = Info.plist; sourceTree = "<group>"; };
		2F11F2A81AEF8AD500A8957D /* weixinTests.swift */ = {isa = PBXFileReference; lastKnownFileType = sourcecode.swift; path = weixinTests.swift; sourceTree = "<group>"; };
		2F11F2B21AEF8C0800A8957D /* BuddyListTableViewController.swift */ = {isa = PBXFileReference; fileEncoding = 4; lastKnownFileType = sourcecode.swift; path = BuddyListTableViewController.swift; sourceTree = "<group>"; };
		2F11F2B41AEF8CD900A8957D /* WXMessage.swift */ = {isa = PBXFileReference; fileEncoding = 4; lastKnownFileType = sourcecode.swift; path = WXMessage.swift; sourceTree = "<group>"; };
		2F11F2B61AEF8E5E00A8957D /* LoginViewController.swift */ = {isa = PBXFileReference; fileEncoding = 4; lastKnownFileType = sourcecode.swift; path = LoginViewController.swift; sourceTree = "<group>"; };
		2F1EFAEE1B00949600A337E0 /* housl.h */ = {isa = PBXFileReference; lastKnownFileType = sourcecode.c.h; path = housl.h; sourceTree = "<group>"; };
		2F22428D1AF07A9E007F4A74 /* wxxmpp.h */ = {isa = PBXFileReference; lastKnownFileType = sourcecode.c.h; path = wxxmpp.h; sourceTree = "<group>"; };
		2FABDD941AF0CE6500B77E6D /* XMPPAnonymousAuthentication.h */ = {isa = PBXFileReference; fileEncoding = 4; lastKnownFileType = sourcecode.c.h; path = XMPPAnonymousAuthentication.h; sourceTree = "<group>"; };
		2FABDD951AF0CE6500B77E6D /* XMPPAnonymousAuthentication.m */ = {isa = PBXFileReference; fileEncoding = 4; lastKnownFileType = sourcecode.c.objc; path = XMPPAnonymousAuthentication.m; sourceTree = "<group>"; };
		2FABDD971AF0CE6500B77E6D /* XMPPDeprecatedDigestAuthentication.h */ = {isa = PBXFileReference; fileEncoding = 4; lastKnownFileType = sourcecode.c.h; path = XMPPDeprecatedDigestAuthentication.h; sourceTree = "<group>"; };
		2FABDD981AF0CE6500B77E6D /* XMPPDeprecatedDigestAuthentication.m */ = {isa = PBXFileReference; fileEncoding = 4; lastKnownFileType = sourcecode.c.objc; path = XMPPDeprecatedDigestAuthentication.m; sourceTree = "<group>"; };
		2FABDD9A1AF0CE6500B77E6D /* XMPPDeprecatedPlainAuthentication.h */ = {isa = PBXFileReference; fileEncoding = 4; lastKnownFileType = sourcecode.c.h; path = XMPPDeprecatedPlainAuthentication.h; sourceTree = "<group>"; };
		2FABDD9B1AF0CE6500B77E6D /* XMPPDeprecatedPlainAuthentication.m */ = {isa = PBXFileReference; fileEncoding = 4; lastKnownFileType = sourcecode.c.objc; path = XMPPDeprecatedPlainAuthentication.m; sourceTree = "<group>"; };
		2FABDD9D1AF0CE6500B77E6D /* XMPPDigestMD5Authentication.h */ = {isa = PBXFileReference; fileEncoding = 4; lastKnownFileType = sourcecode.c.h; path = XMPPDigestMD5Authentication.h; sourceTree = "<group>"; };
		2FABDD9E1AF0CE6500B77E6D /* XMPPDigestMD5Authentication.m */ = {isa = PBXFileReference; fileEncoding = 4; lastKnownFileType = sourcecode.c.objc; path = XMPPDigestMD5Authentication.m; sourceTree = "<group>"; };
		2FABDDA01AF0CE6500B77E6D /* XMPPPlainAuthentication.h */ = {isa = PBXFileReference; fileEncoding = 4; lastKnownFileType = sourcecode.c.h; path = XMPPPlainAuthentication.h; sourceTree = "<group>"; };
		2FABDDA11AF0CE6500B77E6D /* XMPPPlainAuthentication.m */ = {isa = PBXFileReference; fileEncoding = 4; lastKnownFileType = sourcecode.c.objc; path = XMPPPlainAuthentication.m; sourceTree = "<group>"; };
		2FABDDA31AF0CE6500B77E6D /* XMPPSCRAMSHA1Authentication.h */ = {isa = PBXFileReference; fileEncoding = 4; lastKnownFileType = sourcecode.c.h; path = XMPPSCRAMSHA1Authentication.h; sourceTree = "<group>"; };
		2FABDDA41AF0CE6500B77E6D /* XMPPSCRAMSHA1Authentication.m */ = {isa = PBXFileReference; fileEncoding = 4; lastKnownFileType = sourcecode.c.objc; path = XMPPSCRAMSHA1Authentication.m; sourceTree = "<group>"; };
		2FABDDA61AF0CE6500B77E6D /* XMPPXFacebookPlatformAuthentication.h */ = {isa = PBXFileReference; fileEncoding = 4; lastKnownFileType = sourcecode.c.h; path = XMPPXFacebookPlatformAuthentication.h; sourceTree = "<group>"; };
		2FABDDA71AF0CE6500B77E6D /* XMPPXFacebookPlatformAuthentication.m */ = {isa = PBXFileReference; fileEncoding = 4; lastKnownFileType = sourcecode.c.objc; path = XMPPXFacebookPlatformAuthentication.m; sourceTree = "<group>"; };
		2FABDDA91AF0CE6500B77E6D /* XMPPXOAuth2Google.h */ = {isa = PBXFileReference; fileEncoding = 4; lastKnownFileType = sourcecode.c.h; path = XMPPXOAuth2Google.h; sourceTree = "<group>"; };
		2FABDDAA1AF0CE6500B77E6D /* XMPPXOAuth2Google.m */ = {isa = PBXFileReference; fileEncoding = 4; lastKnownFileType = sourcecode.c.objc; path = XMPPXOAuth2Google.m; sourceTree = "<group>"; };
		2FABDDAB1AF0CE6500B77E6D /* XMPPSASLAuthentication.h */ = {isa = PBXFileReference; fileEncoding = 4; lastKnownFileType = sourcecode.c.h; path = XMPPSASLAuthentication.h; sourceTree = "<group>"; };
		2FABDDAD1AF0CE6500B77E6D /* NSData+XMPP.h */ = {isa = PBXFileReference; fileEncoding = 4; lastKnownFileType = sourcecode.c.h; path = "NSData+XMPP.h"; sourceTree = "<group>"; };
		2FABDDAE1AF0CE6500B77E6D /* NSData+XMPP.m */ = {isa = PBXFileReference; fileEncoding = 4; lastKnownFileType = sourcecode.c.objc; path = "NSData+XMPP.m"; sourceTree = "<group>"; };
		2FABDDAF1AF0CE6500B77E6D /* NSNumber+XMPP.h */ = {isa = PBXFileReference; fileEncoding = 4; lastKnownFileType = sourcecode.c.h; path = "NSNumber+XMPP.h"; sourceTree = "<group>"; };
		2FABDDB01AF0CE6500B77E6D /* NSNumber+XMPP.m */ = {isa = PBXFileReference; fileEncoding = 4; lastKnownFileType = sourcecode.c.objc; path = "NSNumber+XMPP.m"; sourceTree = "<group>"; };
		2FABDDB11AF0CE6500B77E6D /* NSXMLElement+XMPP.h */ = {isa = PBXFileReference; fileEncoding = 4; lastKnownFileType = sourcecode.c.h; path = "NSXMLElement+XMPP.h"; sourceTree = "<group>"; };
		2FABDDB21AF0CE6500B77E6D /* NSXMLElement+XMPP.m */ = {isa = PBXFileReference; fileEncoding = 4; lastKnownFileType = sourcecode.c.objc; path = "NSXMLElement+XMPP.m"; sourceTree = "<group>"; };
		2FABDDB41AF0CE6500B77E6D /* XMPP.h */ = {isa = PBXFileReference; fileEncoding = 4; lastKnownFileType = sourcecode.c.h; path = XMPP.h; sourceTree = "<group>"; };
		2FABDDB51AF0CE6500B77E6D /* XMPPElement.h */ = {isa = PBXFileReference; fileEncoding = 4; lastKnownFileType = sourcecode.c.h; path = XMPPElement.h; sourceTree = "<group>"; };
		2FABDDB61AF0CE6500B77E6D /* XMPPElement.m */ = {isa = PBXFileReference; fileEncoding = 4; lastKnownFileType = sourcecode.c.objc; path = XMPPElement.m; sourceTree = "<group>"; };
		2FABDDB71AF0CE6500B77E6D /* XMPPInternal.h */ = {isa = PBXFileReference; fileEncoding = 4; lastKnownFileType = sourcecode.c.h; path = XMPPInternal.h; sourceTree = "<group>"; };
		2FABDDB81AF0CE6500B77E6D /* XMPPIQ.h */ = {isa = PBXFileReference; fileEncoding = 4; lastKnownFileType = sourcecode.c.h; path = XMPPIQ.h; sourceTree = "<group>"; };
		2FABDDB91AF0CE6500B77E6D /* XMPPIQ.m */ = {isa = PBXFileReference; fileEncoding = 4; lastKnownFileType = sourcecode.c.objc; path = XMPPIQ.m; sourceTree = "<group>"; };
		2FABDDBA1AF0CE6500B77E6D /* XMPPJID.h */ = {isa = PBXFileReference; fileEncoding = 4; lastKnownFileType = sourcecode.c.h; path = XMPPJID.h; sourceTree = "<group>"; };
		2FABDDBB1AF0CE6500B77E6D /* XMPPJID.m */ = {isa = PBXFileReference; fileEncoding = 4; lastKnownFileType = sourcecode.c.objc; path = XMPPJID.m; sourceTree = "<group>"; };
		2FABDDBC1AF0CE6500B77E6D /* XMPPLogging.h */ = {isa = PBXFileReference; fileEncoding = 4; lastKnownFileType = sourcecode.c.h; path = XMPPLogging.h; sourceTree = "<group>"; };
		2FABDDBD1AF0CE6500B77E6D /* XMPPMessage.h */ = {isa = PBXFileReference; fileEncoding = 4; lastKnownFileType = sourcecode.c.h; path = XMPPMessage.h; sourceTree = "<group>"; };
		2FABDDBE1AF0CE6500B77E6D /* XMPPMessage.m */ = {isa = PBXFileReference; fileEncoding = 4; lastKnownFileType = sourcecode.c.objc; path = XMPPMessage.m; sourceTree = "<group>"; };
		2FABDDBF1AF0CE6500B77E6D /* XMPPModule.h */ = {isa = PBXFileReference; fileEncoding = 4; lastKnownFileType = sourcecode.c.h; path = XMPPModule.h; sourceTree = "<group>"; };
		2FABDDC01AF0CE6500B77E6D /* XMPPModule.m */ = {isa = PBXFileReference; fileEncoding = 4; lastKnownFileType = sourcecode.c.objc; path = XMPPModule.m; sourceTree = "<group>"; };
		2FABDDC11AF0CE6500B77E6D /* XMPPParser.h */ = {isa = PBXFileReference; fileEncoding = 4; lastKnownFileType = sourcecode.c.h; path = XMPPParser.h; sourceTree = "<group>"; };
		2FABDDC21AF0CE6500B77E6D /* XMPPParser.m */ = {isa = PBXFileReference; fileEncoding = 4; lastKnownFileType = sourcecode.c.objc; path = XMPPParser.m; sourceTree = "<group>"; };
		2FABDDC31AF0CE6500B77E6D /* XMPPPresence.h */ = {isa = PBXFileReference; fileEncoding = 4; lastKnownFileType = sourcecode.c.h; path = XMPPPresence.h; sourceTree = "<group>"; };
		2FABDDC41AF0CE6500B77E6D /* XMPPPresence.m */ = {isa = PBXFileReference; fileEncoding = 4; lastKnownFileType = sourcecode.c.objc; path = XMPPPresence.m; sourceTree = "<group>"; };
		2FABDDC51AF0CE6500B77E6D /* XMPPStream.h */ = {isa = PBXFileReference; fileEncoding = 4; lastKnownFileType = sourcecode.c.h; path = XMPPStream.h; sourceTree = "<group>"; };
		2FABDDC61AF0CE6500B77E6D /* XMPPStream.m */ = {isa = PBXFileReference; fileEncoding = 4; lastKnownFileType = sourcecode.c.objc; path = XMPPStream.m; sourceTree = "<group>"; };
		2FABDDC81AF0CE6500B77E6D /* DDList.h */ = {isa = PBXFileReference; fileEncoding = 4; lastKnownFileType = sourcecode.c.h; path = DDList.h; sourceTree = "<group>"; };
		2FABDDC91AF0CE6500B77E6D /* DDList.m */ = {isa = PBXFileReference; fileEncoding = 4; lastKnownFileType = sourcecode.c.objc; path = DDList.m; sourceTree = "<group>"; };
		2FABDDCA1AF0CE6500B77E6D /* GCDMulticastDelegate.h */ = {isa = PBXFileReference; fileEncoding = 4; lastKnownFileType = sourcecode.c.h; path = GCDMulticastDelegate.h; sourceTree = "<group>"; };
		2FABDDCB1AF0CE6500B77E6D /* GCDMulticastDelegate.m */ = {isa = PBXFileReference; fileEncoding = 4; lastKnownFileType = sourcecode.c.objc; path = GCDMulticastDelegate.m; sourceTree = "<group>"; };
		2FABDDCC1AF0CE6500B77E6D /* RFImageToDataTransformer.h */ = {isa = PBXFileReference; fileEncoding = 4; lastKnownFileType = sourcecode.c.h; path = RFImageToDataTransformer.h; sourceTree = "<group>"; };
		2FABDDCD1AF0CE6500B77E6D /* RFImageToDataTransformer.m */ = {isa = PBXFileReference; fileEncoding = 4; lastKnownFileType = sourcecode.c.objc; path = RFImageToDataTransformer.m; sourceTree = "<group>"; };
		2FABDDCE1AF0CE6500B77E6D /* XMPPIDTracker.h */ = {isa = PBXFileReference; fileEncoding = 4; lastKnownFileType = sourcecode.c.h; path = XMPPIDTracker.h; sourceTree = "<group>"; };
		2FABDDCF1AF0CE6500B77E6D /* XMPPIDTracker.m */ = {isa = PBXFileReference; fileEncoding = 4; lastKnownFileType = sourcecode.c.objc; path = XMPPIDTracker.m; sourceTree = "<group>"; };
		2FABDDD01AF0CE6500B77E6D /* XMPPSRVResolver.h */ = {isa = PBXFileReference; fileEncoding = 4; lastKnownFileType = sourcecode.c.h; path = XMPPSRVResolver.h; sourceTree = "<group>"; };
		2FABDDD11AF0CE6500B77E6D /* XMPPSRVResolver.m */ = {isa = PBXFileReference; fileEncoding = 4; lastKnownFileType = sourcecode.c.objc; path = XMPPSRVResolver.m; sourceTree = "<group>"; };
		2FABDDD21AF0CE6500B77E6D /* XMPPStringPrep.h */ = {isa = PBXFileReference; fileEncoding = 4; lastKnownFileType = sourcecode.c.h; path = XMPPStringPrep.h; sourceTree = "<group>"; };
		2FABDDD31AF0CE6500B77E6D /* XMPPStringPrep.m */ = {isa = PBXFileReference; fileEncoding = 4; lastKnownFileType = sourcecode.c.objc; path = XMPPStringPrep.m; sourceTree = "<group>"; };
		2FABDDD61AF0CE6500B77E6D /* GCDAsyncSocket.h */ = {isa = PBXFileReference; fileEncoding = 4; lastKnownFileType = sourcecode.c.h; path = GCDAsyncSocket.h; sourceTree = "<group>"; };
		2FABDDD71AF0CE6500B77E6D /* GCDAsyncSocket.m */ = {isa = PBXFileReference; fileEncoding = 4; lastKnownFileType = sourcecode.c.objc; path = GCDAsyncSocket.m; sourceTree = "<group>"; };
		2FABDDD91AF0CE6500B77E6D /* DDAbstractDatabaseLogger.h */ = {isa = PBXFileReference; fileEncoding = 4; lastKnownFileType = sourcecode.c.h; path = DDAbstractDatabaseLogger.h; sourceTree = "<group>"; };
		2FABDDDA1AF0CE6500B77E6D /* DDAbstractDatabaseLogger.m */ = {isa = PBXFileReference; fileEncoding = 4; lastKnownFileType = sourcecode.c.objc; path = DDAbstractDatabaseLogger.m; sourceTree = "<group>"; };
		2FABDDDB1AF0CE6500B77E6D /* DDASLLogger.h */ = {isa = PBXFileReference; fileEncoding = 4; lastKnownFileType = sourcecode.c.h; path = DDASLLogger.h; sourceTree = "<group>"; };
		2FABDDDC1AF0CE6500B77E6D /* DDASLLogger.m */ = {isa = PBXFileReference; fileEncoding = 4; lastKnownFileType = sourcecode.c.objc; path = DDASLLogger.m; sourceTree = "<group>"; };
		2FABDDDD1AF0CE6500B77E6D /* DDFileLogger.h */ = {isa = PBXFileReference; fileEncoding = 4; lastKnownFileType = sourcecode.c.h; path = DDFileLogger.h; sourceTree = "<group>"; };
		2FABDDDE1AF0CE6500B77E6D /* DDFileLogger.m */ = {isa = PBXFileReference; fileEncoding = 4; lastKnownFileType = sourcecode.c.objc; path = DDFileLogger.m; sourceTree = "<group>"; };
		2FABDDDF1AF0CE6500B77E6D /* DDLog.h */ = {isa = PBXFileReference; fileEncoding = 4; lastKnownFileType = sourcecode.c.h; path = DDLog.h; sourceTree = "<group>"; };
		2FABDDE01AF0CE6500B77E6D /* DDLog.m */ = {isa = PBXFileReference; fileEncoding = 4; lastKnownFileType = sourcecode.c.objc; path = DDLog.m; sourceTree = "<group>"; };
		2FABDDE11AF0CE6500B77E6D /* DDTTYLogger.h */ = {isa = PBXFileReference; fileEncoding = 4; lastKnownFileType = sourcecode.c.h; path = DDTTYLogger.h; sourceTree = "<group>"; };
		2FABDDE21AF0CE6500B77E6D /* DDTTYLogger.m */ = {isa = PBXFileReference; fileEncoding = 4; lastKnownFileType = sourcecode.c.objc; path = DDTTYLogger.m; sourceTree = "<group>"; };
		2FABDDE41AF0CE6500B77E6D /* ContextFilterLogFormatter.h */ = {isa = PBXFileReference; fileEncoding = 4; lastKnownFileType = sourcecode.c.h; path = ContextFilterLogFormatter.h; sourceTree = "<group>"; };
		2FABDDE51AF0CE6500B77E6D /* ContextFilterLogFormatter.m */ = {isa = PBXFileReference; fileEncoding = 4; lastKnownFileType = sourcecode.c.objc; path = ContextFilterLogFormatter.m; sourceTree = "<group>"; };
		2FABDDE61AF0CE6500B77E6D /* DispatchQueueLogFormatter.h */ = {isa = PBXFileReference; fileEncoding = 4; lastKnownFileType = sourcecode.c.h; path = DispatchQueueLogFormatter.h; sourceTree = "<group>"; };
		2FABDDE71AF0CE6500B77E6D /* DispatchQueueLogFormatter.m */ = {isa = PBXFileReference; fileEncoding = 4; lastKnownFileType = sourcecode.c.objc; path = DispatchQueueLogFormatter.m; sourceTree = "<group>"; };
		2FABDDE81AF0CE6500B77E6D /* README.txt */ = {isa = PBXFileReference; fileEncoding = 4; lastKnownFileType = text; path = README.txt; sourceTree = "<group>"; };
		2FABDDEC1AF0CE6500B77E6D /* NSString+DDXML.h */ = {isa = PBXFileReference; fileEncoding = 4; lastKnownFileType = sourcecode.c.h; path = "NSString+DDXML.h"; sourceTree = "<group>"; };
		2FABDDED1AF0CE6500B77E6D /* NSString+DDXML.m */ = {isa = PBXFileReference; fileEncoding = 4; lastKnownFileType = sourcecode.c.objc; path = "NSString+DDXML.m"; sourceTree = "<group>"; };
		2FABDDEE1AF0CE6500B77E6D /* DDXML.h */ = {isa = PBXFileReference; fileEncoding = 4; lastKnownFileType = sourcecode.c.h; path = DDXML.h; sourceTree = "<group>"; };
		2FABDDEF1AF0CE6500B77E6D /* DDXMLDocument.h */ = {isa = PBXFileReference; fileEncoding = 4; lastKnownFileType = sourcecode.c.h; path = DDXMLDocument.h; sourceTree = "<group>"; };
		2FABDDF01AF0CE6500B77E6D /* DDXMLDocument.m */ = {isa = PBXFileReference; fileEncoding = 4; lastKnownFileType = sourcecode.c.objc; path = DDXMLDocument.m; sourceTree = "<group>"; };
		2FABDDF11AF0CE6500B77E6D /* DDXMLElement.h */ = {isa = PBXFileReference; fileEncoding = 4; lastKnownFileType = sourcecode.c.h; path = DDXMLElement.h; sourceTree = "<group>"; };
		2FABDDF21AF0CE6500B77E6D /* DDXMLElement.m */ = {isa = PBXFileReference; fileEncoding = 4; lastKnownFileType = sourcecode.c.objc; path = DDXMLElement.m; sourceTree = "<group>"; };
		2FABDDF31AF0CE6500B77E6D /* DDXMLNode.h */ = {isa = PBXFileReference; fileEncoding = 4; lastKnownFileType = sourcecode.c.h; path = DDXMLNode.h; sourceTree = "<group>"; };
		2FABDDF41AF0CE6500B77E6D /* DDXMLNode.m */ = {isa = PBXFileReference; fileEncoding = 4; lastKnownFileType = sourcecode.c.objc; path = DDXMLNode.m; sourceTree = "<group>"; };
		2FABDDF61AF0CE6500B77E6D /* DDXMLPrivate.h */ = {isa = PBXFileReference; fileEncoding = 4; lastKnownFileType = sourcecode.c.h; path = DDXMLPrivate.h; sourceTree = "<group>"; };
		2FABDDF81AF0CE6500B77E6D /* build-libidn.sh */ = {isa = PBXFileReference; fileEncoding = 4; lastKnownFileType = text.script.sh; path = "build-libidn.sh"; sourceTree = "<group>"; };
		2FABDDF91AF0CE6500B77E6D /* idn-int.h */ = {isa = PBXFileReference; fileEncoding = 4; lastKnownFileType = sourcecode.c.h; path = "idn-int.h"; sourceTree = "<group>"; };
		2FABDDFA1AF0CE6500B77E6D /* libidn.a */ = {isa = PBXFileReference; lastKnownFileType = archive.ar; path = libidn.a; sourceTree = "<group>"; };
		2FABDDFB1AF0CE6500B77E6D /* stringprep.h */ = {isa = PBXFileReference; fileEncoding = 4; lastKnownFileType = sourcecode.c.h; path = stringprep.h; sourceTree = "<group>"; };
		2FABDE241AF0D69600B77E6D /* ZtDL.swift */ = {isa = PBXFileReference; fileEncoding = 4; lastKnownFileType = sourcecode.swift; path = ZtDL.swift; sourceTree = "<group>"; };
		2FABDE261AF0D6A800B77E6D /* XxDL.swift */ = {isa = PBXFileReference; fileEncoding = 4; lastKnownFileType = sourcecode.swift; path = XxDL.swift; sourceTree = "<group>"; };
		2FC86BDE1AEF93E800CF2925 /* ChatViewController.swift */ = {isa = PBXFileReference; fileEncoding = 4; lastKnownFileType = sourcecode.swift; path = ChatViewController.swift; sourceTree = "<group>"; };
		2FC86BE21AEF9C6400CF2925 /* CoreLocation.framework */ = {isa = PBXFileReference; lastKnownFileType = wrapper.framework; name = CoreLocation.framework; path = System/Library/Frameworks/CoreLocation.framework; sourceTree = SDKROOT; };
		2FC86BE41AEF9C6E00CF2925 /* SystemConfiguration.framework */ = {isa = PBXFileReference; lastKnownFileType = wrapper.framework; name = SystemConfiguration.framework; path = System/Library/Frameworks/SystemConfiguration.framework; sourceTree = SDKROOT; };
		2FC86BE61AEF9C7400CF2925 /* CoreData.framework */ = {isa = PBXFileReference; lastKnownFileType = wrapper.framework; name = CoreData.framework; path = System/Library/Frameworks/CoreData.framework; sourceTree = SDKROOT; };
		2FC86BE81AEF9C8000CF2925 /* libresolv.dylib */ = {isa = PBXFileReference; lastKnownFileType = "compiled.mach-o.dylib"; name = libresolv.dylib; path = usr/lib/libresolv.dylib; sourceTree = SDKROOT; };
		2FC86BEA1AEF9C8500CF2925 /* CFNetwork.framework */ = {isa = PBXFileReference; lastKnownFileType = wrapper.framework; name = CFNetwork.framework; path = System/Library/Frameworks/CFNetwork.framework; sourceTree = SDKROOT; };
		2FC86BEC1AEF9C8D00CF2925 /* libxml2.dylib */ = {isa = PBXFileReference; lastKnownFileType = "compiled.mach-o.dylib"; name = libxml2.dylib; path = usr/lib/libxml2.dylib; sourceTree = SDKROOT; };
		2FC86BEE1AEF9C9400CF2925 /* UIKit.framework */ = {isa = PBXFileReference; lastKnownFileType = wrapper.framework; name = UIKit.framework; path = System/Library/Frameworks/UIKit.framework; sourceTree = SDKROOT; };
		2FC86BF01AEF9C9D00CF2925 /* Foundation.framework */ = {isa = PBXFileReference; lastKnownFileType = wrapper.framework; name = Foundation.framework; path = System/Library/Frameworks/Foundation.framework; sourceTree = SDKROOT; };
		2FC86BF21AEF9CA900CF2925 /* CoreGraphics.framework */ = {isa = PBXFileReference; lastKnownFileType = wrapper.framework; name = CoreGraphics.framework; path = System/Library/Frameworks/CoreGraphics.framework; sourceTree = SDKROOT; };
/* End PBXFileReference section */

/* Begin PBXFrameworksBuildPhase section */
		2F11F28A1AEF8AD500A8957D /* Frameworks */ = {
			isa = PBXFrameworksBuildPhase;
			buildActionMask = 2147483647;
			files = (
				2FC86BF31AEF9CA900CF2925 /* CoreGraphics.framework in Frameworks */,
				2FABDE231AF0CE6500B77E6D /* libidn.a in Frameworks */,
				2FC86BF11AEF9C9D00CF2925 /* Foundation.framework in Frameworks */,
				2FC86BEF1AEF9C9400CF2925 /* UIKit.framework in Frameworks */,
				2FC86BED1AEF9C8D00CF2925 /* libxml2.dylib in Frameworks */,
				2FC86BEB1AEF9C8500CF2925 /* CFNetwork.framework in Frameworks */,
				2FC86BE91AEF9C8000CF2925 /* libresolv.dylib in Frameworks */,
				2FC86BE71AEF9C7400CF2925 /* CoreData.framework in Frameworks */,
				2FC86BE51AEF9C6E00CF2925 /* SystemConfiguration.framework in Frameworks */,
				2FC86BE31AEF9C6400CF2925 /* CoreLocation.framework in Frameworks */,
			);
			runOnlyForDeploymentPostprocessing = 0;
		};
		2F11F29F1AEF8AD500A8957D /* Frameworks */ = {
			isa = PBXFrameworksBuildPhase;
			buildActionMask = 2147483647;
			files = (
			);
			runOnlyForDeploymentPostprocessing = 0;
		};
/* End PBXFrameworksBuildPhase section */

/* Begin PBXGroup section */
		2F11F2841AEF8AD400A8957D = {
			isa = PBXGroup;
			children = (
				2F1EFAEE1B00949600A337E0 /* housl.h */,
				2FABDD911AF0CE6500B77E6D /* xmpp */,
				2F22428D1AF07A9E007F4A74 /* wxxmpp.h */,
				2FC86BF51AEF9CBB00CF2925 /* framework */,
				2F11F28F1AEF8AD500A8957D /* weixin */,
				2F11F2A51AEF8AD500A8957D /* weixinTests */,
				2F11F28E1AEF8AD500A8957D /* Products */,
			);
			sourceTree = "<group>";
		};
		2F11F28E1AEF8AD500A8957D /* Products */ = {
			isa = PBXGroup;
			children = (
				2F11F28D1AEF8AD500A8957D /* weixin.app */,
				2F11F2A21AEF8AD500A8957D /* weixinTests.xctest */,
			);
			name = Products;
			sourceTree = "<group>";
		};
		2F11F28F1AEF8AD500A8957D /* weixin */ = {
			isa = PBXGroup;
			children = (
				2F11F2B21AEF8C0800A8957D /* BuddyListTableViewController.swift */,
				2FC86BDE1AEF93E800CF2925 /* ChatViewController.swift */,
				2F11F2B61AEF8E5E00A8957D /* LoginViewController.swift */,
				2F11F2921AEF8AD500A8957D /* AppDelegate.swift */,
				2F11F2B41AEF8CD900A8957D /* WXMessage.swift */,
				2FABDE241AF0D69600B77E6D /* ZtDL.swift */,
				2FABDE261AF0D6A800B77E6D /* XxDL.swift */,
				2F11F2961AEF8AD500A8957D /* Main.storyboard */,
				2F11F2991AEF8AD500A8957D /* Images.xcassets */,
				2F11F29B1AEF8AD500A8957D /* LaunchScreen.xib */,
				2F11F2901AEF8AD500A8957D /* Supporting Files */,
			);
			path = weixin;
			sourceTree = "<group>";
		};
		2F11F2901AEF8AD500A8957D /* Supporting Files */ = {
			isa = PBXGroup;
			children = (
				2F11F2911AEF8AD500A8957D /* Info.plist */,
			);
			name = "Supporting Files";
			sourceTree = "<group>";
		};
		2F11F2A51AEF8AD500A8957D /* weixinTests */ = {
			isa = PBXGroup;
			children = (
				2F11F2A81AEF8AD500A8957D /* weixinTests.swift */,
				2F11F2A61AEF8AD500A8957D /* Supporting Files */,
			);
			path = weixinTests;
			sourceTree = "<group>";
		};
		2F11F2A61AEF8AD500A8957D /* Supporting Files */ = {
			isa = PBXGroup;
			children = (
				2F11F2A71AEF8AD500A8957D /* Info.plist */,
			);
			name = "Supporting Files";
			sourceTree = "<group>";
		};
		2FABDD911AF0CE6500B77E6D /* xmpp */ = {
			isa = PBXGroup;
			children = (
				2FABDD921AF0CE6500B77E6D /* Authentication */,
				2FABDDAC1AF0CE6500B77E6D /* Categories */,
				2FABDDB31AF0CE6500B77E6D /* Core */,
				2FABDDC71AF0CE6500B77E6D /* Utilities */,
				2FABDDD41AF0CE6500B77E6D /* Vendor */,
			);
			path = xmpp;
			sourceTree = "<group>";
		};
		2FABDD921AF0CE6500B77E6D /* Authentication */ = {
			isa = PBXGroup;
			children = (
				2FABDD931AF0CE6500B77E6D /* Anonymous */,
				2FABDD961AF0CE6500B77E6D /* Deprecated-Digest */,
				2FABDD991AF0CE6500B77E6D /* Deprecated-Plain */,
				2FABDD9C1AF0CE6500B77E6D /* Digest-MD5 */,
				2FABDD9F1AF0CE6500B77E6D /* Plain */,
				2FABDDA21AF0CE6500B77E6D /* SCRAM-SHA-1 */,
				2FABDDA51AF0CE6500B77E6D /* X-Facebook-Platform */,
				2FABDDA81AF0CE6500B77E6D /* X-OAuth2-Google */,
				2FABDDAB1AF0CE6500B77E6D /* XMPPSASLAuthentication.h */,
			);
			path = Authentication;
			sourceTree = "<group>";
		};
		2FABDD931AF0CE6500B77E6D /* Anonymous */ = {
			isa = PBXGroup;
			children = (
				2FABDD941AF0CE6500B77E6D /* XMPPAnonymousAuthentication.h */,
				2FABDD951AF0CE6500B77E6D /* XMPPAnonymousAuthentication.m */,
			);
			path = Anonymous;
			sourceTree = "<group>";
		};
		2FABDD961AF0CE6500B77E6D /* Deprecated-Digest */ = {
			isa = PBXGroup;
			children = (
				2FABDD971AF0CE6500B77E6D /* XMPPDeprecatedDigestAuthentication.h */,
				2FABDD981AF0CE6500B77E6D /* XMPPDeprecatedDigestAuthentication.m */,
			);
			path = "Deprecated-Digest";
			sourceTree = "<group>";
		};
		2FABDD991AF0CE6500B77E6D /* Deprecated-Plain */ = {
			isa = PBXGroup;
			children = (
				2FABDD9A1AF0CE6500B77E6D /* XMPPDeprecatedPlainAuthentication.h */,
				2FABDD9B1AF0CE6500B77E6D /* XMPPDeprecatedPlainAuthentication.m */,
			);
			path = "Deprecated-Plain";
			sourceTree = "<group>";
		};
		2FABDD9C1AF0CE6500B77E6D /* Digest-MD5 */ = {
			isa = PBXGroup;
			children = (
				2FABDD9D1AF0CE6500B77E6D /* XMPPDigestMD5Authentication.h */,
				2FABDD9E1AF0CE6500B77E6D /* XMPPDigestMD5Authentication.m */,
			);
			path = "Digest-MD5";
			sourceTree = "<group>";
		};
		2FABDD9F1AF0CE6500B77E6D /* Plain */ = {
			isa = PBXGroup;
			children = (
				2FABDDA01AF0CE6500B77E6D /* XMPPPlainAuthentication.h */,
				2FABDDA11AF0CE6500B77E6D /* XMPPPlainAuthentication.m */,
			);
			path = Plain;
			sourceTree = "<group>";
		};
		2FABDDA21AF0CE6500B77E6D /* SCRAM-SHA-1 */ = {
			isa = PBXGroup;
			children = (
				2FABDDA31AF0CE6500B77E6D /* XMPPSCRAMSHA1Authentication.h */,
				2FABDDA41AF0CE6500B77E6D /* XMPPSCRAMSHA1Authentication.m */,
			);
			path = "SCRAM-SHA-1";
			sourceTree = "<group>";
		};
		2FABDDA51AF0CE6500B77E6D /* X-Facebook-Platform */ = {
			isa = PBXGroup;
			children = (
				2FABDDA61AF0CE6500B77E6D /* XMPPXFacebookPlatformAuthentication.h */,
				2FABDDA71AF0CE6500B77E6D /* XMPPXFacebookPlatformAuthentication.m */,
			);
			path = "X-Facebook-Platform";
			sourceTree = "<group>";
		};
		2FABDDA81AF0CE6500B77E6D /* X-OAuth2-Google */ = {
			isa = PBXGroup;
			children = (
				2FABDDA91AF0CE6500B77E6D /* XMPPXOAuth2Google.h */,
				2FABDDAA1AF0CE6500B77E6D /* XMPPXOAuth2Google.m */,
			);
			path = "X-OAuth2-Google";
			sourceTree = "<group>";
		};
		2FABDDAC1AF0CE6500B77E6D /* Categories */ = {
			isa = PBXGroup;
			children = (
				2FABDDAD1AF0CE6500B77E6D /* NSData+XMPP.h */,
				2FABDDAE1AF0CE6500B77E6D /* NSData+XMPP.m */,
				2FABDDAF1AF0CE6500B77E6D /* NSNumber+XMPP.h */,
				2FABDDB01AF0CE6500B77E6D /* NSNumber+XMPP.m */,
				2FABDDB11AF0CE6500B77E6D /* NSXMLElement+XMPP.h */,
				2FABDDB21AF0CE6500B77E6D /* NSXMLElement+XMPP.m */,
			);
			path = Categories;
			sourceTree = "<group>";
		};
		2FABDDB31AF0CE6500B77E6D /* Core */ = {
			isa = PBXGroup;
			children = (
				2FABDDB41AF0CE6500B77E6D /* XMPP.h */,
				2FABDDB51AF0CE6500B77E6D /* XMPPElement.h */,
				2FABDDB61AF0CE6500B77E6D /* XMPPElement.m */,
				2FABDDB71AF0CE6500B77E6D /* XMPPInternal.h */,
				2FABDDB81AF0CE6500B77E6D /* XMPPIQ.h */,
				2FABDDB91AF0CE6500B77E6D /* XMPPIQ.m */,
				2FABDDBA1AF0CE6500B77E6D /* XMPPJID.h */,
				2FABDDBB1AF0CE6500B77E6D /* XMPPJID.m */,
				2FABDDBC1AF0CE6500B77E6D /* XMPPLogging.h */,
				2FABDDBD1AF0CE6500B77E6D /* XMPPMessage.h */,
				2FABDDBE1AF0CE6500B77E6D /* XMPPMessage.m */,
				2FABDDBF1AF0CE6500B77E6D /* XMPPModule.h */,
				2FABDDC01AF0CE6500B77E6D /* XMPPModule.m */,
				2FABDDC11AF0CE6500B77E6D /* XMPPParser.h */,
				2FABDDC21AF0CE6500B77E6D /* XMPPParser.m */,
				2FABDDC31AF0CE6500B77E6D /* XMPPPresence.h */,
				2FABDDC41AF0CE6500B77E6D /* XMPPPresence.m */,
				2FABDDC51AF0CE6500B77E6D /* XMPPStream.h */,
				2FABDDC61AF0CE6500B77E6D /* XMPPStream.m */,
			);
			path = Core;
			sourceTree = "<group>";
		};
		2FABDDC71AF0CE6500B77E6D /* Utilities */ = {
			isa = PBXGroup;
			children = (
				2FABDDC81AF0CE6500B77E6D /* DDList.h */,
				2FABDDC91AF0CE6500B77E6D /* DDList.m */,
				2FABDDCA1AF0CE6500B77E6D /* GCDMulticastDelegate.h */,
				2FABDDCB1AF0CE6500B77E6D /* GCDMulticastDelegate.m */,
				2FABDDCC1AF0CE6500B77E6D /* RFImageToDataTransformer.h */,
				2FABDDCD1AF0CE6500B77E6D /* RFImageToDataTransformer.m */,
				2FABDDCE1AF0CE6500B77E6D /* XMPPIDTracker.h */,
				2FABDDCF1AF0CE6500B77E6D /* XMPPIDTracker.m */,
				2FABDDD01AF0CE6500B77E6D /* XMPPSRVResolver.h */,
				2FABDDD11AF0CE6500B77E6D /* XMPPSRVResolver.m */,
				2FABDDD21AF0CE6500B77E6D /* XMPPStringPrep.h */,
				2FABDDD31AF0CE6500B77E6D /* XMPPStringPrep.m */,
			);
			path = Utilities;
			sourceTree = "<group>";
		};
		2FABDDD41AF0CE6500B77E6D /* Vendor */ = {
			isa = PBXGroup;
			children = (
				2FABDDD51AF0CE6500B77E6D /* CocoaAsyncSocket */,
				2FABDDD81AF0CE6500B77E6D /* CocoaLumberjack */,
				2FABDDE91AF0CE6500B77E6D /* facebook-ios-sdk */,
				2FABDDEA1AF0CE6500B77E6D /* KissXML */,
				2FABDDF71AF0CE6500B77E6D /* libidn */,
			);
			path = Vendor;
			sourceTree = "<group>";
		};
		2FABDDD51AF0CE6500B77E6D /* CocoaAsyncSocket */ = {
			isa = PBXGroup;
			children = (
				2FABDDD61AF0CE6500B77E6D /* GCDAsyncSocket.h */,
				2FABDDD71AF0CE6500B77E6D /* GCDAsyncSocket.m */,
			);
			path = CocoaAsyncSocket;
			sourceTree = "<group>";
		};
		2FABDDD81AF0CE6500B77E6D /* CocoaLumberjack */ = {
			isa = PBXGroup;
			children = (
				2FABDDD91AF0CE6500B77E6D /* DDAbstractDatabaseLogger.h */,
				2FABDDDA1AF0CE6500B77E6D /* DDAbstractDatabaseLogger.m */,
				2FABDDDB1AF0CE6500B77E6D /* DDASLLogger.h */,
				2FABDDDC1AF0CE6500B77E6D /* DDASLLogger.m */,
				2FABDDDD1AF0CE6500B77E6D /* DDFileLogger.h */,
				2FABDDDE1AF0CE6500B77E6D /* DDFileLogger.m */,
				2FABDDDF1AF0CE6500B77E6D /* DDLog.h */,
				2FABDDE01AF0CE6500B77E6D /* DDLog.m */,
				2FABDDE11AF0CE6500B77E6D /* DDTTYLogger.h */,
				2FABDDE21AF0CE6500B77E6D /* DDTTYLogger.m */,
				2FABDDE31AF0CE6500B77E6D /* Extensions */,
			);
			path = CocoaLumberjack;
			sourceTree = "<group>";
		};
		2FABDDE31AF0CE6500B77E6D /* Extensions */ = {
			isa = PBXGroup;
			children = (
				2FABDDE41AF0CE6500B77E6D /* ContextFilterLogFormatter.h */,
				2FABDDE51AF0CE6500B77E6D /* ContextFilterLogFormatter.m */,
				2FABDDE61AF0CE6500B77E6D /* DispatchQueueLogFormatter.h */,
				2FABDDE71AF0CE6500B77E6D /* DispatchQueueLogFormatter.m */,
				2FABDDE81AF0CE6500B77E6D /* README.txt */,
			);
			path = Extensions;
			sourceTree = "<group>";
		};
		2FABDDE91AF0CE6500B77E6D /* facebook-ios-sdk */ = {
			isa = PBXGroup;
			children = (
			);
			path = "facebook-ios-sdk";
			sourceTree = "<group>";
		};
		2FABDDEA1AF0CE6500B77E6D /* KissXML */ = {
			isa = PBXGroup;
			children = (
				2FABDDEB1AF0CE6500B77E6D /* Categories */,
				2FABDDEE1AF0CE6500B77E6D /* DDXML.h */,
				2FABDDEF1AF0CE6500B77E6D /* DDXMLDocument.h */,
				2FABDDF01AF0CE6500B77E6D /* DDXMLDocument.m */,
				2FABDDF11AF0CE6500B77E6D /* DDXMLElement.h */,
				2FABDDF21AF0CE6500B77E6D /* DDXMLElement.m */,
				2FABDDF31AF0CE6500B77E6D /* DDXMLNode.h */,
				2FABDDF41AF0CE6500B77E6D /* DDXMLNode.m */,
				2FABDDF51AF0CE6500B77E6D /* Private */,
			);
			path = KissXML;
			sourceTree = "<group>";
		};
		2FABDDEB1AF0CE6500B77E6D /* Categories */ = {
			isa = PBXGroup;
			children = (
				2FABDDEC1AF0CE6500B77E6D /* NSString+DDXML.h */,
				2FABDDED1AF0CE6500B77E6D /* NSString+DDXML.m */,
			);
			path = Categories;
			sourceTree = "<group>";
		};
		2FABDDF51AF0CE6500B77E6D /* Private */ = {
			isa = PBXGroup;
			children = (
				2FABDDF61AF0CE6500B77E6D /* DDXMLPrivate.h */,
			);
			path = Private;
			sourceTree = "<group>";
		};
		2FABDDF71AF0CE6500B77E6D /* libidn */ = {
			isa = PBXGroup;
			children = (
				2FABDDF81AF0CE6500B77E6D /* build-libidn.sh */,
				2FABDDF91AF0CE6500B77E6D /* idn-int.h */,
				2FABDDFA1AF0CE6500B77E6D /* libidn.a */,
				2FABDDFB1AF0CE6500B77E6D /* stringprep.h */,
			);
			path = libidn;
			sourceTree = "<group>";
		};
		2FC86BF51AEF9CBB00CF2925 /* framework */ = {
			isa = PBXGroup;
			children = (
				2FC86BF21AEF9CA900CF2925 /* CoreGraphics.framework */,
				2FC86BF01AEF9C9D00CF2925 /* Foundation.framework */,
				2FC86BEE1AEF9C9400CF2925 /* UIKit.framework */,
				2FC86BEC1AEF9C8D00CF2925 /* libxml2.dylib */,
				2FC86BEA1AEF9C8500CF2925 /* CFNetwork.framework */,
				2FC86BE81AEF9C8000CF2925 /* libresolv.dylib */,
				2FC86BE61AEF9C7400CF2925 /* CoreData.framework */,
				2FC86BE41AEF9C6E00CF2925 /* SystemConfiguration.framework */,
				2FC86BE21AEF9C6400CF2925 /* CoreLocation.framework */,
			);
			name = framework;
			sourceTree = "<group>";
		};
/* End PBXGroup section */

/* Begin PBXNativeTarget section */
		2F11F28C1AEF8AD500A8957D /* weixin */ = {
			isa = PBXNativeTarget;
			buildConfigurationList = 2F11F2AC1AEF8AD500A8957D /* Build configuration list for PBXNativeTarget "weixin" */;
			buildPhases = (
				2F11F2891AEF8AD500A8957D /* Sources */,
				2F11F28A1AEF8AD500A8957D /* Frameworks */,
				2F11F28B1AEF8AD500A8957D /* Resources */,
			);
			buildRules = (
			);
			dependencies = (
			);
			name = weixin;
			productName = weixin;
			productReference = 2F11F28D1AEF8AD500A8957D /* weixin.app */;
			productType = "com.apple.product-type.application";
		};
		2F11F2A11AEF8AD500A8957D /* weixinTests */ = {
			isa = PBXNativeTarget;
			buildConfigurationList = 2F11F2AF1AEF8AD500A8957D /* Build configuration list for PBXNativeTarget "weixinTests" */;
			buildPhases = (
				2F11F29E1AEF8AD500A8957D /* Sources */,
				2F11F29F1AEF8AD500A8957D /* Frameworks */,
				2F11F2A01AEF8AD500A8957D /* Resources */,
			);
			buildRules = (
			);
			dependencies = (
				2F11F2A41AEF8AD500A8957D /* PBXTargetDependency */,
			);
			name = weixinTests;
			productName = weixinTests;
			productReference = 2F11F2A21AEF8AD500A8957D /* weixinTests.xctest */;
			productType = "com.apple.product-type.bundle.unit-test";
		};
/* End PBXNativeTarget section */

/* Begin PBXProject section */
		2F11F2851AEF8AD400A8957D /* Project object */ = {
			isa = PBXProject;
			attributes = {
				LastUpgradeCheck = 0630;
				ORGANIZATIONNAME = housl;
				TargetAttributes = {
					2F11F28C1AEF8AD500A8957D = {
						CreatedOnToolsVersion = 6.3;
					};
					2F11F2A11AEF8AD500A8957D = {
						CreatedOnToolsVersion = 6.3;
						TestTargetID = 2F11F28C1AEF8AD500A8957D;
					};
				};
			};
			buildConfigurationList = 2F11F2881AEF8AD400A8957D /* Build configuration list for PBXProject "weixin" */;
			compatibilityVersion = "Xcode 3.2";
			developmentRegion = English;
			hasScannedForEncodings = 0;
			knownRegions = (
				en,
				Base,
			);
			mainGroup = 2F11F2841AEF8AD400A8957D;
			productRefGroup = 2F11F28E1AEF8AD500A8957D /* Products */;
			projectDirPath = "";
			projectRoot = "";
			targets = (
				2F11F28C1AEF8AD500A8957D /* weixin */,
				2F11F2A11AEF8AD500A8957D /* weixinTests */,
			);
		};
/* End PBXProject section */

/* Begin PBXResourcesBuildPhase section */
		2F11F28B1AEF8AD500A8957D /* Resources */ = {
			isa = PBXResourcesBuildPhase;
			buildActionMask = 2147483647;
			files = (
				2FABDE221AF0CE6500B77E6D /* build-libidn.sh in Resources */,
				2F11F2981AEF8AD500A8957D /* Main.storyboard in Resources */,
				2F11F29D1AEF8AD500A8957D /* LaunchScreen.xib in Resources */,
				2FABDE1D1AF0CE6500B77E6D /* README.txt in Resources */,
				2F11F29A1AEF8AD500A8957D /* Images.xcassets in Resources */,
			);
			runOnlyForDeploymentPostprocessing = 0;
		};
		2F11F2A01AEF8AD500A8957D /* Resources */ = {
			isa = PBXResourcesBuildPhase;
			buildActionMask = 2147483647;
			files = (
			);
			runOnlyForDeploymentPostprocessing = 0;
		};
/* End PBXResourcesBuildPhase section */

/* Begin PBXSourcesBuildPhase section */
		2F11F2891AEF8AD500A8957D /* Sources */ = {
			isa = PBXSourcesBuildPhase;
			buildActionMask = 2147483647;
			files = (
				2FABDE191AF0CE6500B77E6D /* DDLog.m in Sources */,
				2FABDE081AF0CE6500B77E6D /* XMPPIQ.m in Sources */,
				2FABDE051AF0CE6500B77E6D /* NSNumber+XMPP.m in Sources */,
				2FABDE021AF0CE6500B77E6D /* XMPPXFacebookPlatformAuthentication.m in Sources */,
				2FABDDFE1AF0CE6500B77E6D /* XMPPDeprecatedPlainAuthentication.m in Sources */,
				2F11F2B31AEF8C0800A8957D /* BuddyListTableViewController.swift in Sources */,
				2FABDE041AF0CE6500B77E6D /* NSData+XMPP.m in Sources */,
				2FABDE161AF0CE6500B77E6D /* DDAbstractDatabaseLogger.m in Sources */,
				2FABDE131AF0CE6500B77E6D /* XMPPSRVResolver.m in Sources */,
				2FABDE111AF0CE6500B77E6D /* RFImageToDataTransformer.m in Sources */,
				2FABDDFD1AF0CE6500B77E6D /* XMPPDeprecatedDigestAuthentication.m in Sources */,
				2FABDE0C1AF0CE6500B77E6D /* XMPPParser.m in Sources */,
				2FABDE181AF0CE6500B77E6D /* DDFileLogger.m in Sources */,
				2FABDE001AF0CE6500B77E6D /* XMPPPlainAuthentication.m in Sources */,
				2FABDE151AF0CE6500B77E6D /* GCDAsyncSocket.m in Sources */,
				2FABDE0F1AF0CE6500B77E6D /* DDList.m in Sources */,
				2FABDE171AF0CE6500B77E6D /* DDASLLogger.m in Sources */,
				2FABDE011AF0CE6500B77E6D /* XMPPSCRAMSHA1Authentication.m in Sources */,
				2FABDE1E1AF0CE6500B77E6D /* NSString+DDXML.m in Sources */,
				2F11F2B51AEF8CD900A8957D /* WXMessage.swift in Sources */,
				2FABDE101AF0CE6500B77E6D /* GCDMulticastDelegate.m in Sources */,
				2FABDE211AF0CE6500B77E6D /* DDXMLNode.m in Sources */,
				2F11F2B71AEF8E5E00A8957D /* LoginViewController.swift in Sources */,
				2FABDE1A1AF0CE6500B77E6D /* DDTTYLogger.m in Sources */,
				2FABDE201AF0CE6500B77E6D /* DDXMLElement.m in Sources */,
				2FABDE071AF0CE6500B77E6D /* XMPPElement.m in Sources */,
				2FABDE251AF0D69600B77E6D /* ZtDL.swift in Sources */,
				2FABDE1B1AF0CE6500B77E6D /* ContextFilterLogFormatter.m in Sources */,
				2FABDE121AF0CE6500B77E6D /* XMPPIDTracker.m in Sources */,
				2FABDE1F1AF0CE6500B77E6D /* DDXMLDocument.m in Sources */,
				2FABDE0B1AF0CE6500B77E6D /* XMPPModule.m in Sources */,
				2FABDE061AF0CE6500B77E6D /* NSXMLElement+XMPP.m in Sources */,
				2FC86BDF1AEF93E800CF2925 /* ChatViewController.swift in Sources */,
				2FABDE0E1AF0CE6500B77E6D /* XMPPStream.m in Sources */,
				2FABDE1C1AF0CE6500B77E6D /* DispatchQueueLogFormatter.m in Sources */,
				2FABDDFC1AF0CE6500B77E6D /* XMPPAnonymousAuthentication.m in Sources */,
				2FABDDFF1AF0CE6500B77E6D /* XMPPDigestMD5Authentication.m in Sources */,
				2F11F2931AEF8AD500A8957D /* AppDelegate.swift in Sources */,
				2FABDE0D1AF0CE6500B77E6D /* XMPPPresence.m in Sources */,
				2FABDE031AF0CE6500B77E6D /* XMPPXOAuth2Google.m in Sources */,
				2FABDE0A1AF0CE6500B77E6D /* XMPPMessage.m in Sources */,
				2FABDE271AF0D6A800B77E6D /* XxDL.swift in Sources */,
				2FABDE141AF0CE6500B77E6D /* XMPPStringPrep.m in Sources */,
				2FABDE091AF0CE6500B77E6D /* XMPPJID.m in Sources */,
			);
			runOnlyForDeploymentPostprocessing = 0;
		};
		2F11F29E1AEF8AD500A8957D /* Sources */ = {
			isa = PBXSourcesBuildPhase;
			buildActionMask = 2147483647;
			files = (
				2F11F2A91AEF8AD500A8957D /* weixinTests.swift in Sources */,
			);
			runOnlyForDeploymentPostprocessing = 0;
		};
/* End PBXSourcesBuildPhase section */

/* Begin PBXTargetDependency section */
		2F11F2A41AEF8AD500A8957D /* PBXTargetDependency */ = {
			isa = PBXTargetDependency;
			target = 2F11F28C1AEF8AD500A8957D /* weixin */;
			targetProxy = 2F11F2A31AEF8AD500A8957D /* PBXContainerItemProxy */;
		};
/* End PBXTargetDependency section */

/* Begin PBXVariantGroup section */
		2F11F2961AEF8AD500A8957D /* Main.storyboard */ = {
			isa = PBXVariantGroup;
			children = (
				2F11F2971AEF8AD500A8957D /* Base */,
			);
			name = Main.storyboard;
			sourceTree = "<group>";
		};
		2F11F29B1AEF8AD500A8957D /* LaunchScreen.xib */ = {
			isa = PBXVariantGroup;
			children = (
				2F11F29C1AEF8AD500A8957D /* Base */,
			);
			name = LaunchScreen.xib;
			sourceTree = "<group>";
		};
/* End PBXVariantGroup section */

/* Begin XCBuildConfiguration section */
		2F11F2AA1AEF8AD500A8957D /* Debug */ = {
			isa = XCBuildConfiguration;
			buildSettings = {
				ALWAYS_SEARCH_USER_PATHS = NO;
				CLANG_CXX_LANGUAGE_STANDARD = "gnu++0x";
				CLANG_CXX_LIBRARY = "libc++";
				CLANG_ENABLE_MODULES = YES;
				CLANG_ENABLE_OBJC_ARC = YES;
				CLANG_WARN_BOOL_CONVERSION = YES;
				CLANG_WARN_CONSTANT_CONVERSION = YES;
				CLANG_WARN_DIRECT_OBJC_ISA_USAGE = YES_ERROR;
				CLANG_WARN_EMPTY_BODY = YES;
				CLANG_WARN_ENUM_CONVERSION = YES;
				CLANG_WARN_INT_CONVERSION = YES;
				CLANG_WARN_OBJC_ROOT_CLASS = YES_ERROR;
				CLANG_WARN_UNREACHABLE_CODE = YES;
				CLANG_WARN__DUPLICATE_METHOD_MATCH = YES;
				"CODE_SIGN_IDENTITY[sdk=iphoneos*]" = "iPhone Developer";
				COPY_PHASE_STRIP = NO;
				DEBUG_INFORMATION_FORMAT = "dwarf-with-dsym";
				ENABLE_STRICT_OBJC_MSGSEND = YES;
				GCC_C_LANGUAGE_STANDARD = gnu99;
				GCC_DYNAMIC_NO_PIC = NO;
				GCC_NO_COMMON_BLOCKS = YES;
				GCC_OPTIMIZATION_LEVEL = 0;
				GCC_PREPROCESSOR_DEFINITIONS = (
					"DEBUG=1",
					"$(inherited)",
				);
				GCC_SYMBOLS_PRIVATE_EXTERN = NO;
				GCC_WARN_64_TO_32_BIT_CONVERSION = YES;
				GCC_WARN_ABOUT_RETURN_TYPE = YES_ERROR;
				GCC_WARN_UNDECLARED_SELECTOR = YES;
				GCC_WARN_UNINITIALIZED_AUTOS = YES_AGGRESSIVE;
				GCC_WARN_UNUSED_FUNCTION = YES;
				GCC_WARN_UNUSED_VARIABLE = YES;
				HEADER_SEARCH_PATHS = (
					"$(inherited)",
					/Applications/Xcode.app/Contents/Developer/Toolchains/XcodeDefault.xctoolchain/usr/include,
					/usr/include/libxml2,
					"$(PROJECT_DIR)/xmpp/Core",
				);
				IPHONEOS_DEPLOYMENT_TARGET = 8.3;
				MTL_ENABLE_DEBUG_INFO = YES;
				ONLY_ACTIVE_ARCH = YES;
				SDKROOT = iphoneos;
				SWIFT_OBJC_BRIDGING_HEADER = wxxmpp.h;
				SWIFT_OPTIMIZATION_LEVEL = "-Onone";
				TARGETED_DEVICE_FAMILY = "1,2";
			};
			name = Debug;
		};
		2F11F2AB1AEF8AD500A8957D /* Release */ = {
			isa = XCBuildConfiguration;
			buildSettings = {
				ALWAYS_SEARCH_USER_PATHS = NO;
				CLANG_CXX_LANGUAGE_STANDARD = "gnu++0x";
				CLANG_CXX_LIBRARY = "libc++";
				CLANG_ENABLE_MODULES = YES;
				CLANG_ENABLE_OBJC_ARC = YES;
				CLANG_WARN_BOOL_CONVERSION = YES;
				CLANG_WARN_CONSTANT_CONVERSION = YES;
				CLANG_WARN_DIRECT_OBJC_ISA_USAGE = YES_ERROR;
				CLANG_WARN_EMPTY_BODY = YES;
				CLANG_WARN_ENUM_CONVERSION = YES;
				CLANG_WARN_INT_CONVERSION = YES;
				CLANG_WARN_OBJC_ROOT_CLASS = YES_ERROR;
				CLANG_WARN_UNREACHABLE_CODE = YES;
				CLANG_WARN__DUPLICATE_METHOD_MATCH = YES;
				"CODE_SIGN_IDENTITY[sdk=iphoneos*]" = "iPhone Developer";
				COPY_PHASE_STRIP = NO;
				DEBUG_INFORMATION_FORMAT = "dwarf-with-dsym";
				ENABLE_NS_ASSERTIONS = NO;
				ENABLE_STRICT_OBJC_MSGSEND = YES;
				GCC_C_LANGUAGE_STANDARD = gnu99;
				GCC_NO_COMMON_BLOCKS = YES;
				GCC_WARN_64_TO_32_BIT_CONVERSION = YES;
				GCC_WARN_ABOUT_RETURN_TYPE = YES_ERROR;
				GCC_WARN_UNDECLARED_SELECTOR = YES;
				GCC_WARN_UNINITIALIZED_AUTOS = YES_AGGRESSIVE;
				GCC_WARN_UNUSED_FUNCTION = YES;
				GCC_WARN_UNUSED_VARIABLE = YES;
				HEADER_SEARCH_PATHS = (
					"$(inherited)",
					/Applications/Xcode.app/Contents/Developer/Toolchains/XcodeDefault.xctoolchain/usr/include,
					/usr/include/libxml2,
					"$(PROJECT_DIR)/xmpp/Core",
				);
				IPHONEOS_DEPLOYMENT_TARGET = 8.3;
				MTL_ENABLE_DEBUG_INFO = NO;
				SDKROOT = iphoneos;
				SWIFT_OBJC_BRIDGING_HEADER = wxxmpp.h;
				TARGETED_DEVICE_FAMILY = "1,2";
				VALIDATE_PRODUCT = YES;
			};
			name = Release;
		};
		2F11F2AD1AEF8AD500A8957D /* Debug */ = {
			isa = XCBuildConfiguration;
			buildSettings = {
				ASSETCATALOG_COMPILER_APPICON_NAME = AppIcon;
				HEADER_SEARCH_PATHS = (
					"$(inherited)",
					/Applications/Xcode.app/Contents/Developer/Toolchains/XcodeDefault.xctoolchain/usr/include,
					/usr/include/libxml2,
					"$(PROJECT_DIR)/xmpp/Core",
				);
				INFOPLIST_FILE = weixin/Info.plist;
				LD_RUNPATH_SEARCH_PATHS = "$(inherited) @executable_path/Frameworks";
				LIBRARY_SEARCH_PATHS = (
					"$(inherited)",
					"$(PROJECT_DIR)/xmpp/Vendor/libidn",
					"/Users/housl/Downloads/Swift-XMPP--master",
					2/xmpp/Vendor/libidn,
				);
				PRODUCT_NAME = "$(TARGET_NAME)";
				SWIFT_OBJC_BRIDGING_HEADER = wxxmpp.h;
			};
			name = Debug;
		};
		2F11F2AE1AEF8AD500A8957D /* Release */ = {
			isa = XCBuildConfiguration;
			buildSettings = {
				ASSETCATALOG_COMPILER_APPICON_NAME = AppIcon;
				HEADER_SEARCH_PATHS = (
					"$(inherited)",
					/Applications/Xcode.app/Contents/Developer/Toolchains/XcodeDefault.xctoolchain/usr/include,
					/usr/include/libxml2,
					"$(PROJECT_DIR)/xmpp/Core",
				);
				INFOPLIST_FILE = weixin/Info.plist;
				LD_RUNPATH_SEARCH_PATHS = "$(inherited) @executable_path/Frameworks";
				LIBRARY_SEARCH_PATHS = (
					"$(inherited)",
					"$(PROJECT_DIR)/xmpp/Vendor/libidn",
					"/Users/housl/Downloads/Swift-XMPP--master",
					2/xmpp/Vendor/libidn,
				);
				PRODUCT_NAME = "$(TARGET_NAME)";
				SWIFT_OBJC_BRIDGING_HEADER = wxxmpp.h;
			};
			name = Release;
		};
		2F11F2B01AEF8AD500A8957D /* Debug */ = {
			isa = XCBuildConfiguration;
			buildSettings = {
				BUNDLE_LOADER = "$(TEST_HOST)";
				FRAMEWORK_SEARCH_PATHS = (
					"$(SDKROOT)/Developer/Library/Frameworks",
					"$(inherited)",
				);
				GCC_PREPROCESSOR_DEFINITIONS = (
					"DEBUG=1",
					"$(inherited)",
				);
				INFOPLIST_FILE = weixinTests/Info.plist;
				LD_RUNPATH_SEARCH_PATHS = "$(inherited) @executable_path/Frameworks @loader_path/Frameworks";
				PRODUCT_NAME = "$(TARGET_NAME)";
				SWIFT_OBJC_BRIDGING_HEADER = wxxmpp.h;
				TEST_HOST = "$(BUILT_PRODUCTS_DIR)/weixin.app/weixin";
			};
			name = Debug;
		};
		2F11F2B11AEF8AD500A8957D /* Release */ = {
			isa = XCBuildConfiguration;
			buildSettings = {
				BUNDLE_LOADER = "$(TEST_HOST)";
				FRAMEWORK_SEARCH_PATHS = (
					"$(SDKROOT)/Developer/Library/Frameworks",
					"$(inherited)",
				);
				INFOPLIST_FILE = weixinTests/Info.plist;
				LD_RUNPATH_SEARCH_PATHS = "$(inherited) @executable_path/Frameworks @loader_path/Frameworks";
				PRODUCT_NAME = "$(TARGET_NAME)";
				SWIFT_OBJC_BRIDGING_HEADER = wxxmpp.h;
				TEST_HOST = "$(BUILT_PRODUCTS_DIR)/weixin.app/weixin";
			};
			name = Release;
		};
/* End XCBuildConfiguration section */

/* Begin XCConfigurationList section */
		2F11F2881AEF8AD400A8957D /* Build configuration list for PBXProject "weixin" */ = {
			isa = XCConfigurationList;
			buildConfigurations = (
				2F11F2AA1AEF8AD500A8957D /* Debug */,
				2F11F2AB1AEF8AD500A8957D /* Release */,
			);
			defaultConfigurationIsVisible = 0;
			defaultConfigurationName = Release;
		};
		2F11F2AC1AEF8AD500A8957D /* Build configuration list for PBXNativeTarget "weixin" */ = {
			isa = XCConfigurationList;
			buildConfigurations = (
				2F11F2AD1AEF8AD500A8957D /* Debug */,
				2F11F2AE1AEF8AD500A8957D /* Release */,
			);
			defaultConfigurationIsVisible = 0;
			defaultConfigurationName = Release;
		};
		2F11F2AF1AEF8AD500A8957D /* Build configuration list for PBXNativeTarget "weixinTests" */ = {
			isa = XCConfigurationList;
			buildConfigurations = (
				2F11F2B01AEF8AD500A8957D /* Debug */,
				2F11F2B11AEF8AD500A8957D /* Release */,
			);
			defaultConfigurationIsVisible = 0;
			defaultConfigurationName = Release;
		};
/* End XCConfigurationList section */
	};
	rootObject = 2F11F2851AEF8AD400A8957D /* Project object */;
}
